
Microsoft Visual Studio Solution File, Format Version 12.00
# Visual Studio 2012
Project("{FAE04EC0-301F-11D3-BF4B-00C04F79EFBC}") = "Contractor", "Contractor\Contractor.csproj", "{528979AB-F853-438E-A4D9-E79AC89BDF98}"
EndProject
Project("{FAE04EC0-301F-11D3-BF4B-00C04F79EFBC}") = "Contractor.Test", "Contractor.Test\Contractor.Test.csproj", "{AE117AFF-49D5-465B-9FE6-2BD046715312}"
EndProject
Global
	GlobalSection(SolutionConfigurationPlatforms) = preSolution
		Debug|Any CPU = Debug|Any CPU
		Release|Any CPU = Release|Any CPU
	EndGlobalSection
	GlobalSection(ProjectConfigurationPlatforms) = postSolution
		{528979AB-F853-438E-A4D9-E79AC89BDF98}.Debug|Any CPU.ActiveCfg = Debug|Any CPU
		{528979AB-F853-438E-A4D9-E79AC89BDF98}.Debug|Any CPU.Build.0 = Debug|Any CPU
		{528979AB-F853-438E-A4D9-E79AC89BDF98}.Release|Any CPU.ActiveCfg = Release|Any CPU
		{528979AB-F853-438E-A4D9-E79AC89BDF98}.Release|Any CPU.Build.0 = Release|Any CPU
		{AE117AFF-49D5-465B-9FE6-2BD046715312}.Debug|Any CPU.ActiveCfg = Debug|Any CPU
		{AE117AFF-49D5-465B-9FE6-2BD046715312}.Debug|Any CPU.Build.0 = Debug|Any CPU
		{AE117AFF-49D5-465B-9FE6-2BD046715312}.Release|Any CPU.ActiveCfg = Release|Any CPU
		{AE117AFF-49D5-465B-9FE6-2BD046715312}.Release|Any CPU.Build.0 = Release|Any CPU
	EndGlobalSection
	GlobalSection(SolutionProperties) = preSolution
		HideSolutionNode = FALSE
	EndGlobalSection
EndGlobal
